<?xml version="1.0" encoding="UTF-8"?>
<CONFIG>
  <ProjectOptions>
    <Version Value="12"/>
    <General>
      <Flags>
        <MainUnitHasCreateFormStatements Value="False"/>
        <MainUnitHasTitleStatement Value="False"/>
        <MainUnitHasScaledStatement Value="False"/>
        <CompatibilityMode Value="True"/>
      </Flags>
      <SessionStorage Value="InProjectDir"/>
      <Title Value="i2ctest"/>
      <UseAppBundle Value="False"/>
      <ResourceType Value="res"/>
    </General>
    <i18n>
      <EnableI18N LFM="False"/>
    </i18n>
    <BuildModes Count="2">
      <Item1 Name="m328p" Default="True"/>
      <Item2 Name="m4809">
        <CompilerOptions>
          <Version Value="11"/>
          <Target>
            <Filename Value="$nameonly($(projfile))"/>
          </Target>
          <SearchPaths>
            <IncludeFiles Value="$(ProjOutDir)"/>
            <OtherUnitFiles Value="../../library"/>
            <UnitOutputDirectory Value="lib/$(TargetCPU)-$(TargetOS)"/>
          </SearchPaths>
          <Parsing>
            <SyntaxOptions>
              <CStyleOperator Value="False"/>
              <CPPInline Value="False"/>
              <CStyleMacros Value="True"/>
              <UseAnsiStrings Value="False"/>
            </SyntaxOptions>
          </Parsing>
          <CodeGeneration>
            <TargetCPU Value="avr"/>
            <TargetOS Value="embedded"/>
            <Optimizations>
              <OptimizationLevel Value="3"/>
            </Optimizations>
          </CodeGeneration>
          <Linking>
            <Debugging>
              <DebugInfoType Value="dsDwarf2Set"/>
              <UseLineInfoUnit Value="False"/>
            </Debugging>
            <Options>
              <LinkerOptions Value="--undefined=_mmcu_ --undefined=_mmcu_data --section-start=.mmcu=0x910000"/>
            </Options>
          </Linking>
          <Other>
            <Verbosity>
              <ShowAll Value="True"/>
            </Verbosity>
            <WriteFPCLogo Value="False"/>
            <ConfigFile>
              <ConfigFilePath Value="~/fpc/avr-new/fpc.cfg"/>
            </ConfigFile>
            <CustomOptions Value="-Wpatmega4809
-XPavr-
-al
-Sg
-dF_CPU:=3333333"/>
            <OtherDefines Count="1">
              <Define0 Value="F_CPU:=16000000"/>
            </OtherDefines>
            <CompilerPath Value="/home/christo/fpc/installs/lib/fpc/3.3.1/ppcrossavr"/>
            <ExecuteBefore>
              <Command Value="../../scripts/run-simavr.sh $(targetfile)"/>
              <CompileReasons Compile="False" Build="False"/>
            </ExecuteBefore>
            <ExecuteAfter>
              <Command Value="../../scripts/listasm.sh $(targetfile)"/>
              <CompileReasons Run="False"/>
            </ExecuteAfter>
          </Other>
        </CompilerOptions>
      </Item2>
    </BuildModes>
    <PublishOptions>
      <Version Value="2"/>
    </PublishOptions>
    <RunParams>
      <FormatVersion Value="2"/>
      <Modes Count="1">
        <Mode0 Name="default"/>
      </Modes>
    </RunParams>
    <Units Count="5">
      <Unit0>
        <Filename Value="i2ctest.pp"/>
        <IsPartOfProject Value="True"/>
      </Unit0>
      <Unit1>
        <Filename Value="../../library/delay.pas"/>
        <IsPartOfProject Value="True"/>
      </Unit1>
      <Unit2>
        <Filename Value="../blink1/simavrinfo.pas"/>
        <IsPartOfProject Value="True"/>
      </Unit2>
      <Unit3>
        <Filename Value="../../library/uart.pas"/>
        <IsPartOfProject Value="True"/>
      </Unit3>
      <Unit4>
        <Filename Value="../../library/i2cbitbang.pas"/>
        <IsPartOfProject Value="True"/>
      </Unit4>
    </Units>
  </ProjectOptions>
  <CompilerOptions>
    <Version Value="11"/>
    <Target>
      <Filename Value="$nameonly($(projfile))"/>
    </Target>
    <SearchPaths>
      <IncludeFiles Value="$(ProjOutDir)"/>
      <OtherUnitFiles Value="../../library"/>
      <UnitOutputDirectory Value="lib/$(TargetCPU)-$(TargetOS)"/>
    </SearchPaths>
    <Parsing>
      <SyntaxOptions>
        <CStyleOperator Value="False"/>
        <CPPInline Value="False"/>
        <CStyleMacros Value="True"/>
        <UseAnsiStrings Value="False"/>
      </SyntaxOptions>
    </Parsing>
    <CodeGeneration>
      <TargetCPU Value="avr"/>
      <TargetOS Value="embedded"/>
      <Optimizations>
        <OptimizationLevel Value="3"/>
      </Optimizations>
    </CodeGeneration>
    <Linking>
      <Debugging>
        <DebugInfoType Value="dsDwarf2Set"/>
        <UseLineInfoUnit Value="False"/>
      </Debugging>
      <Options>
        <PassLinkerOptions Value="True"/>
        <LinkerOptions Value="--undefined=_mmcu_ --undefined=_mmcu_data --section-start=.mmcu=0x910000"/>
      </Options>
    </Linking>
    <Other>
      <WriteFPCLogo Value="False"/>
      <ConfigFile>
        <ConfigFilePath Value="~/fpc/avr-new/fpc.cfg"/>
      </ConfigFile>
      <CustomOptions Value="-Wpatmega328p
-XPavr-
-al
-Sg
-dF_CPU:=16000000"/>
      <OtherDefines Count="1">
        <Define0 Value="F_CPU:=16000000"/>
      </OtherDefines>
      <CompilerPath Value="/home/christo/fpc/installs/lib/fpc/3.3.1/ppcrossavr"/>
      <ExecuteBefore>
        <Command Value="../../scripts/run-simavr.sh $(targetfile)"/>
        <CompileReasons Compile="False" Build="False"/>
      </ExecuteBefore>
      <ExecuteAfter>
        <Command Value="../../scripts/listasm.sh $(targetfile)"/>
        <CompileReasons Run="False"/>
      </ExecuteAfter>
    </Other>
  </CompilerOptions>
  <Debugging>
    <Exceptions Count="3">
      <Item1>
        <Name Value="EAbort"/>
      </Item1>
      <Item2>
        <Name Value="ECodetoolError"/>
      </Item2>
      <Item3>
        <Name Value="EFOpenError"/>
      </Item3>
    </Exceptions>
  </Debugging>
</CONFIG>
