<?xml version="1.0" encoding="UTF-8"?>
<CONFIG>
  <ProjectOptions>
    <Version Value="12"/>
    <General>
      <Flags>
        <MainUnitHasCreateFormStatements Value="False"/>
        <MainUnitHasTitleStatement Value="False"/>
        <CompatibilityMode Value="True"/>
      </Flags>
      <SessionStorage Value="InProjectDir"/>
      <Title Value="uarttest"/>
      <UseAppBundle Value="False"/>
      <ResourceType Value="res"/>
    </General>
    <i18n>
      <EnableI18N LFM="False"/>
    </i18n>
    <BuildModes Count="1">
      <Item1 Name="Default" Default="True"/>
    </BuildModes>
    <PublishOptions>
      <Version Value="2"/>
    </PublishOptions>
    <RunParams>
      <FormatVersion Value="2"/>
      <Modes Count="1">
        <Mode0 Name="default"/>
      </Modes>
    </RunParams>
    <Units Count="1">
      <Unit0>
        <Filename Value="uarttest.pp"/>
        <IsPartOfProject Value="True"/>
      </Unit0>
    </Units>
  </ProjectOptions>
  <CompilerOptions>
    <Version Value="11"/>
    <Target>
      <Filename Value="$nameonly($(projfile))"/>
    </Target>
    <SearchPaths>
      <IncludeFiles Value="$(ProjOutDir)"/>
      <UnitOutputDirectory Value="lib/$(TargetCPU)-$(TargetOS)"/>
    </SearchPaths>
    <Parsing>
      <SyntaxOptions>
        <SyntaxMode Value="fpc"/>
        <CStyleOperator Value="False"/>
        <CPPInline Value="False"/>
        <CStyleMacros Value="True"/>
        <UseAnsiStrings Value="False"/>
      </SyntaxOptions>
    </Parsing>
    <CodeGeneration>
      <TargetCPU Value="avr"/>
      <TargetOS Value="embedded"/>
      <Optimizations>
        <OptimizationLevel Value="3"/>
      </Optimizations>
    </CodeGeneration>
    <Linking>
      <Debugging>
        <DebugInfoType Value="dsDwarf2"/>
        <UseLineInfoUnit Value="False"/>
      </Debugging>
    </Linking>
    <Other>
      <Verbosity>
        <ShowAll Value="True"/>
      </Verbosity>
      <WriteFPCLogo Value="False"/>
      <ConfigFile>
        <DontUseConfigFile Value="True"/>
        <CustomConfigFile Value="True"/>
        <ConfigFilePath Value="~/fpc/avr-new/fpclocal.cfg"/>
      </ConfigFile>
      <CustomOptions Value="-Wpatmega4809
-a
-XPavr-
-al
-dF_CPU:=3333333
-Cpavrxmega3"/>
      <OtherDefines Count="1">
        <Define0 Value="F_CPU:=16000000"/>
      </OtherDefines>
      <CompilerPath Value="/home/christo/fpc/avr-new/compiler/ppcrossavr"/>
      <ExecuteBefore>
        <Command Value="../../scripts/run-simavr.sh $(targetfile).elf"/>
        <CompileReasons Compile="False" Build="False" Run="False"/>
      </ExecuteBefore>
      <ExecuteAfter>
        <Command Value="../../scripts/listasm.sh $(targetfile).elf"/>
        <CompileReasons Run="False"/>
      </ExecuteAfter>
    </Other>
  </CompilerOptions>
  <Debugging>
    <Exceptions Count="3">
      <Item1>
        <Name Value="EAbort"/>
      </Item1>
      <Item2>
        <Name Value="ECodetoolError"/>
      </Item2>
      <Item3>
        <Name Value="EFOpenError"/>
      </Item3>
    </Exceptions>
  </Debugging>
</CONFIG>
